{
  "nodes": {
    "dwarffs": {
      "inputs": {
        "nix": "nix",
        "nixpkgs": [
          "nixpkgs"
        ]
      },
      "locked": {
        "lastModified": 1700666138,
        "narHash": "sha256-AoffzwAzaUn+OeqAjWX7/++RB8RHkmU8EQvteqlUHRo=",
        "owner": "edolstra",
        "repo": "dwarffs",
        "rev": "b0cea6426ca6f7b1476225410af942f11d6c70b7",
        "type": "github"
      },
      "original": {
        "owner": "edolstra",
        "repo": "dwarffs",
        "type": "github"
      }
    },
    "flake-compat": {
      "flake": false,
      "locked": {
        "lastModified": 1673956053,
        "narHash": "sha256-4gtG9iQuiKITOjNQQeQIpoIB6b16fm+504Ch3sNKLd8=",
        "owner": "edolstra",
        "repo": "flake-compat",
        "rev": "35bb57c0c8d8b62bbfd284272c928ceb64ddbde9",
        "type": "github"
      },
      "original": {
        "owner": "edolstra",
        "repo": "flake-compat",
        "type": "github"
      }
    },
    "flake-utils": {
      "locked": {
        "lastModified": 1676283394,
        "narHash": "sha256-XX2f9c3iySLCw54rJ/CZs+ZK6IQy7GXNY4nSOyu2QG4=",
        "owner": "numtide",
        "repo": "flake-utils",
        "rev": "3db36a8b464d0c4532ba1c7dda728f4576d6d073",
        "type": "github"
      },
      "original": {
        "owner": "numtide",
        "repo": "flake-utils",
        "type": "github"
      }
    },
    "lowdown-src": {
      "flake": false,
      "locked": {
        "lastModified": 1633514407,
        "narHash": "sha256-Dw32tiMjdK9t3ETl5fzGrutQTzh2rufgZV4A/BbxuD4=",
        "owner": "kristapsdz",
        "repo": "lowdown",
        "rev": "d2c2b44ff6c27b936ec27358a2653caaef8f73b8",
        "type": "github"
      },
      "original": {
        "owner": "kristapsdz",
        "repo": "lowdown",
        "type": "github"
      }
    },
    "nix": {
      "inputs": {
        "flake-compat": "flake-compat",
        "lowdown-src": "lowdown-src",
        "nixpkgs": "nixpkgs",
        "nixpkgs-regression": "nixpkgs-regression"
      },
      "locked": {
        "narHash": "sha256-QMYAkdtU+g9HlZKtoJ+AI6TbWzzovKGnPZJHfZdclc8=",
        "rev": "a212300a1d9f9c7b0daf19c00c87fc50480f54f4",
        "revCount": 14727,
        "type": "tarball",
        "url": "https://api.flakehub.com/f/pinned/NixOS/nix/2.17.0/018a1daf-2c87-7730-8fc0-4885c5d8eff7/source.tar.gz"
      },
      "original": {
        "type": "tarball",
        "url": "https://flakehub.com/f/NixOS/nix/2.17.0.tar.gz"
      }
    },
    "nix-writers": {
      "inputs": {
        "flake-utils": "flake-utils",
        "nixpkgs": [
          "nixpkgs"
        ]
      },
      "locked": {
        "lastModified": 1677612737,
        "narHash": "sha256-UaCKZ4PbMZU6UZH7XNFcjRtd5jheswl66rjZDBfQgp8=",
        "ref": "refs/heads/master",
        "rev": "66a1f6833464bbb121b6d94247ad769f277351f8",
        "revCount": 39,
        "type": "git",
        "url": "https://cgit.krebsco.de/nix-writers"
      },
      "original": {
        "type": "git",
        "url": "https://cgit.krebsco.de/nix-writers"
      }
    },
    "nixos-hardware": {
      "locked": {
        "lastModified": 1703879120,
        "narHash": "sha256-oMJ5xtDswlBWxs0DT/aYKEUIhjEpGZJ9GbIxOclYP8I=",
        "owner": "NixOS",
        "repo": "nixos-hardware",
        "rev": "22ae59fec26591ef72ce4ccb5538c42c5f090fe3",
        "type": "github"
      },
      "original": {
        "owner": "NixOS",
        "ref": "master",
        "repo": "nixos-hardware",
        "type": "github"
      }
    },
    "nixpkgs": {
      "locked": {
        "lastModified": 1688392541,
        "narHash": "sha256-lHrKvEkCPTUO+7tPfjIcb7Trk6k31rz18vkyqmkeJfY=",
        "owner": "NixOS",
        "repo": "nixpkgs",
        "rev": "ea4c80b39be4c09702b0cb3b42eab59e2ba4f24b",
        "type": "github"
      },
      "original": {
        "owner": "NixOS",
        "ref": "nixos-22.11-small",
        "repo": "nixpkgs",
        "type": "github"
      }
    },
    "nixpkgs-regression": {
      "locked": {
        "lastModified": 1643052045,
        "narHash": "sha256-uGJ0VXIhWKGXxkeNnq4TvV3CIOkUJ3PAoLZ3HMzNVMw=",
        "owner": "NixOS",
        "repo": "nixpkgs",
        "rev": "215d4d0fd80ca5163643b03a33fde804a29cc1e2",
        "type": "github"
      },
      "original": {
        "owner": "NixOS",
        "repo": "nixpkgs",
        "rev": "215d4d0fd80ca5163643b03a33fde804a29cc1e2",
        "type": "github"
      }
    },
    "nixpkgs-stable": {
      "locked": {
        "lastModified": 1703351344,
        "narHash": "sha256-9FEelzftkE9UaJ5nqxidaJJPEhe9TPhbypLHmc2Mysc=",
        "owner": "NixOS",
        "repo": "nixpkgs",
        "rev": "7790e078f8979a9fcd543f9a47427eeaba38f268",
        "type": "github"
      },
      "original": {
        "owner": "NixOS",
        "ref": "release-23.05",
        "repo": "nixpkgs",
        "type": "github"
      }
    },
    "nixpkgs_2": {
      "locked": {
        "lastModified": 1703637592,
        "narHash": "sha256-8MXjxU0RfFfzl57Zy3OfXCITS0qWDNLzlBAdwxGZwfY=",
        "owner": "nixos",
        "repo": "nixpkgs",
        "rev": "cfc3698c31b1fb9cdcf10f36c9643460264d0ca8",
        "type": "github"
      },
      "original": {
        "owner": "nixos",
        "ref": "nixos-unstable",
        "repo": "nixpkgs",
        "type": "github"
      }
    },
    "playerctl-inhibit": {
      "inputs": {
        "nixpkgs": [
          "nixpkgs"
        ]
      },
      "locked": {
        "lastModified": 1700009859,
        "narHash": "sha256-nZVG6K3Mibq3A2QvycGaWjda8CK9aUShBxn0JswntRk=",
        "owner": "jchv",
        "repo": "playerctl-inhibit",
        "rev": "1652d3891149db3253ea38646629839e24aefb6e",
        "type": "github"
      },
      "original": {
        "owner": "jchv",
        "repo": "playerctl-inhibit",
        "type": "github"
      }
    },
    "root": {
      "inputs": {
        "dwarffs": "dwarffs",
        "nix-writers": "nix-writers",
        "nixos-hardware": "nixos-hardware",
        "nixpkgs": "nixpkgs_2",
        "playerctl-inhibit": "playerctl-inhibit",
        "sops-nix": "sops-nix"
      }
    },
    "sops-nix": {
      "inputs": {
        "nixpkgs": [
          "nixpkgs"
        ],
        "nixpkgs-stable": "nixpkgs-stable"
      },
      "locked": {
        "lastModified": 1703387502,
        "narHash": "sha256-JnWuQmyanPtF8c5yAEFXVWzaIlMxA3EAZCh8XNvnVqE=",
        "owner": "Mic92",
        "repo": "sops-nix",
        "rev": "e523e89763ff45f0a6cf15bcb1092636b1da9ed3",
        "type": "github"
      },
      "original": {
        "owner": "Mic92",
        "repo": "sops-nix",
        "type": "github"
      }
    }
  },
  "root": "root",
  "version": 7
}
